
Microsoft Visual Studio Solution File, Format Version 12.00
# Visual Studio Version 16
VisualStudioVersion = 16.0.30611.23
MinimumVisualStudioVersion = 10.0.40219.1
Project("{FAE04EC0-301F-11D3-BF4B-00C04F79EFBC}") = "MultiscaleModelling", "MultiscaleModelling\MultiscaleModelling.csproj", "{3F92D037-59B1-45F2-90CA-0F0005990739}"
EndProject
Global
	GlobalSection(SolutionConfigurationPlatforms) = preSolution
		Debug|Any CPU = Debug|Any CPU
		Release|Any CPU = Release|Any CPU
	EndGlobalSection
	GlobalSection(ProjectConfigurationPlatforms) = postSolution
		{3F92D037-59B1-45F2-90CA-0F0005990739}.Debug|Any CPU.ActiveCfg = Debug|Any CPU
		{3F92D037-59B1-45F2-90CA-0F0005990739}.Debug|Any CPU.Build.0 = Debug|Any CPU
		{3F92D037-59B1-45F2-90CA-0F0005990739}.Release|Any CPU.ActiveCfg = Release|Any CPU
		{3F92D037-59B1-45F2-90CA-0F0005990739}.Release|Any CPU.Build.0 = Release|Any CPU
	EndGlobalSection
	GlobalSection(SolutionProperties) = preSolution
		HideSolutionNode = FALSE
	EndGlobalSection
	GlobalSection(ExtensibilityGlobals) = postSolution
		SolutionGuid = {17AD3334-0D2D-44D8-9A8A-0AB716D7BE10}
	EndGlobalSection
EndGlobal
